
Microsoft Visual Studio Solution File, Format Version 12.00
# Visual Studio Version 17
VisualStudioVersion = 17.2.32630.192
MinimumVisualStudioVersion = 10.0.40219.1
Project("{9A19103F-16F7-4668-BE54-9A1E7A4F7556}") = "Assignment", "Assignment\Assignment.csproj", "{3F635AB0-D8FC-4011-9841-3F055C7B4D38}"
EndProject
Global
	GlobalSection(SolutionConfigurationPlatforms) = preSolution
		Debug|Any CPU = Debug|Any CPU
		Release|Any CPU = Release|Any CPU
	EndGlobalSection
	GlobalSection(ProjectConfigurationPlatforms) = postSolution
		{3F635AB0-D8FC-4011-9841-3F055C7B4D38}.Debug|Any CPU.ActiveCfg = Debug|Any CPU
		{3F635AB0-D8FC-4011-9841-3F055C7B4D38}.Debug|Any CPU.Build.0 = Debug|Any CPU
		{3F635AB0-D8FC-4011-9841-3F055C7B4D38}.Release|Any CPU.ActiveCfg = Release|Any CPU
		{3F635AB0-D8FC-4011-9841-3F055C7B4D38}.Release|Any CPU.Build.0 = Release|Any CPU
	EndGlobalSection
	GlobalSection(SolutionProperties) = preSolution
		HideSolutionNode = FALSE
	EndGlobalSection
	GlobalSection(ExtensibilityGlobals) = postSolution
		SolutionGuid = {C9E609AA-10E6-401D-B475-BF467A190549}
	EndGlobalSection
EndGlobal
